
Microsoft Visual Studio Solution File, Format Version 12.00
# Visual Studio Express 2013 for Web
VisualStudioVersion = 12.0.21005.1
MinimumVisualStudioVersion = 10.0.40219.1
Project("{FAE04EC0-301F-11D3-BF4B-00C04F79EFBC}") = "DodgeBall.Web", "DodgeBall.Web\DodgeBall.Web.csproj", "{06855CEE-6927-4F8F-97B4-F7E18AA1F929}"
EndProject
Project("{FAE04EC0-301F-11D3-BF4B-00C04F79EFBC}") = "DodgeBall.data", "DodgeBall.data\DodgeBall.data.csproj", "{1397A07C-ED87-4103-9636-F2B21140D1F2}"
EndProject
Project("{FAE04EC0-301F-11D3-BF4B-00C04F79EFBC}") = "DodgeBall.DataModels", "DodgeBall.DataModels\DodgeBall.DataModels.csproj", "{A79A7F41-5192-4D58-922C-7480ECB138C5}"
EndProject
Global
	GlobalSection(SolutionConfigurationPlatforms) = preSolution
		Debug|Any CPU = Debug|Any CPU
		Release|Any CPU = Release|Any CPU
	EndGlobalSection
	GlobalSection(ProjectConfigurationPlatforms) = postSolution
		{06855CEE-6927-4F8F-97B4-F7E18AA1F929}.Debug|Any CPU.ActiveCfg = Debug|Any CPU
		{06855CEE-6927-4F8F-97B4-F7E18AA1F929}.Debug|Any CPU.Build.0 = Debug|Any CPU
		{06855CEE-6927-4F8F-97B4-F7E18AA1F929}.Release|Any CPU.ActiveCfg = Release|Any CPU
		{06855CEE-6927-4F8F-97B4-F7E18AA1F929}.Release|Any CPU.Build.0 = Release|Any CPU
		{1397A07C-ED87-4103-9636-F2B21140D1F2}.Debug|Any CPU.ActiveCfg = Debug|Any CPU
		{1397A07C-ED87-4103-9636-F2B21140D1F2}.Debug|Any CPU.Build.0 = Debug|Any CPU
		{1397A07C-ED87-4103-9636-F2B21140D1F2}.Release|Any CPU.ActiveCfg = Release|Any CPU
		{1397A07C-ED87-4103-9636-F2B21140D1F2}.Release|Any CPU.Build.0 = Release|Any CPU
		{A79A7F41-5192-4D58-922C-7480ECB138C5}.Debug|Any CPU.ActiveCfg = Debug|Any CPU
		{A79A7F41-5192-4D58-922C-7480ECB138C5}.Debug|Any CPU.Build.0 = Debug|Any CPU
		{A79A7F41-5192-4D58-922C-7480ECB138C5}.Release|Any CPU.ActiveCfg = Release|Any CPU
		{A79A7F41-5192-4D58-922C-7480ECB138C5}.Release|Any CPU.Build.0 = Release|Any CPU
	EndGlobalSection
	GlobalSection(SolutionProperties) = preSolution
		HideSolutionNode = FALSE
	EndGlobalSection
EndGlobal
